{
  "nodes": {
    "devenv": {
      "locked": {
        "dir": "src/modules",
        "lastModified": 1779391247,
        "narHash": "sha256-esZvb5j2bjfBBYjj6OPi4mGLfFuQ5uguBCLI1S0u40E=",
        "owner": "cachix",
        "repo": "devenv",
        "rev": "a904b9b62d53399bb1c01b3ccf25255b59641b65",
        "type": "github"
      },
      "original": {
        "dir": "src/modules",
        "owner": "cachix",
        "repo": "devenv",
        "type": "github"
      }
    },
    "flake": {
      "inputs": {
        "nixpkgs": "nixpkgs"
      },
      "locked": {
        "path": ".",
        "type": "path"
      },
      "original": {
        "path": ".",
        "type": "path"
      },
      "parent": []
    },
    "nixpkgs": {
      "locked": {
        "lastModified": 1779560665,
        "narHash": "sha256-tpyBcxPpcQb8ukyNF7DoCwfSY3VPsxHoYwj00Cayv5o=",
        "owner": "NixOS",
        "repo": "nixpkgs",
        "rev": "64c08a7ca051951c8eae34e3e3cb1e202fe36786",
        "type": "github"
      },
      "original": {
        "owner": "NixOS",
        "ref": "nixos-unstable",
        "repo": "nixpkgs",
        "type": "github"
      }
    },
    "root": {
      "inputs": {
        "devenv": "devenv",
        "flake": "flake",
        "nixpkgs": [
          "flake",
          "nixpkgs"
        ]
      }
    }
  },
  "root": "root",
  "version": 7
}